
Microsoft Visual Studio Solution File, Format Version 12.00
# Visual Studio Version 17
VisualStudioVersion = 17.10.35027.167
MinimumVisualStudioVersion = 10.0.40219.1
Project("{FAE04EC0-301F-11D3-BF4B-00C04F79EFBC}") = "KisiselWebSitesi", "KisiselWebSitesi\KisiselWebSitesi.csproj", "{6062AB10-46FE-47B1-867E-F6065CF7E12F}"
EndProject
Global
	GlobalSection(SolutionConfigurationPlatforms) = preSolution
		Debug|Any CPU = Debug|Any CPU
		Release|Any CPU = Release|Any CPU
	EndGlobalSection
	GlobalSection(ProjectConfigurationPlatforms) = postSolution
		{6062AB10-46FE-47B1-867E-F6065CF7E12F}.Debug|Any CPU.ActiveCfg = Debug|Any CPU
		{6062AB10-46FE-47B1-867E-F6065CF7E12F}.Debug|Any CPU.Build.0 = Debug|Any CPU
		{6062AB10-46FE-47B1-867E-F6065CF7E12F}.Release|Any CPU.ActiveCfg = Release|Any CPU
		{6062AB10-46FE-47B1-867E-F6065CF7E12F}.Release|Any CPU.Build.0 = Release|Any CPU
	EndGlobalSection
	GlobalSection(SolutionProperties) = preSolution
		HideSolutionNode = FALSE
	EndGlobalSection
	GlobalSection(ExtensibilityGlobals) = postSolution
		SolutionGuid = {FD66F204-C557-4C18-9232-9BA87EAA8BA8}
	EndGlobalSection
EndGlobal
